
Microsoft Visual Studio Solution File, Format Version 12.00
# Visual Studio Version 16
VisualStudioVersion = 16.0.30114.105
MinimumVisualStudioVersion = 10.0.40219.1
Project("{FAE04EC0-301F-11D3-BF4B-00C04F79EFBC}") = "ConsoleCalc", "ConsoleCalc\ConsoleCalc.csproj", "{CF38BD4F-CF33-4257-A6CD-6B472972F4DB}"
EndProject
Project("{FAE04EC0-301F-11D3-BF4B-00C04F79EFBC}") = "XUnitTestCalc", "XUnitTestCalc\XUnitTestCalc.csproj", "{F0650D68-0C72-44D0-A975-38F1B396A800}"
EndProject
Global
	GlobalSection(SolutionConfigurationPlatforms) = preSolution
		Debug|Any CPU = Debug|Any CPU
		Release|Any CPU = Release|Any CPU
	EndGlobalSection
	GlobalSection(ProjectConfigurationPlatforms) = postSolution
		{CF38BD4F-CF33-4257-A6CD-6B472972F4DB}.Debug|Any CPU.ActiveCfg = Debug|Any CPU
		{CF38BD4F-CF33-4257-A6CD-6B472972F4DB}.Debug|Any CPU.Build.0 = Debug|Any CPU
		{CF38BD4F-CF33-4257-A6CD-6B472972F4DB}.Release|Any CPU.ActiveCfg = Release|Any CPU
		{CF38BD4F-CF33-4257-A6CD-6B472972F4DB}.Release|Any CPU.Build.0 = Release|Any CPU
		{F0650D68-0C72-44D0-A975-38F1B396A800}.Debug|Any CPU.ActiveCfg = Debug|Any CPU
		{F0650D68-0C72-44D0-A975-38F1B396A800}.Debug|Any CPU.Build.0 = Debug|Any CPU
		{F0650D68-0C72-44D0-A975-38F1B396A800}.Release|Any CPU.ActiveCfg = Release|Any CPU
		{F0650D68-0C72-44D0-A975-38F1B396A800}.Release|Any CPU.Build.0 = Release|Any CPU
	EndGlobalSection
	GlobalSection(SolutionProperties) = preSolution
		HideSolutionNode = FALSE
	EndGlobalSection
	GlobalSection(ExtensibilityGlobals) = postSolution
		SolutionGuid = {21F6592A-795C-4E43-8F29-3F0E2E7D1726}
	EndGlobalSection
EndGlobal
